
Microsoft Visual Studio Solution File, Format Version 12.00
# Visual Studio 2013
VisualStudioVersion = 12.0.21005.1
MinimumVisualStudioVersion = 10.0.40219.1
Project("{FAE04EC0-301F-11D3-BF4B-00C04F79EFBC}") = "MyLearningProject.Services", "MyLearningProjectAPI\MyLearningProject.Services.csproj", "{7BF0140D-1ACA-4C8A-9685-570F72F6D03A}"
EndProject
Project("{FAE04EC0-301F-11D3-BF4B-00C04F79EFBC}") = "MyLearningProjectAPI.Tests", "MyLearningProjectAPI.Tests\MyLearningProjectAPI.Tests.csproj", "{26F458FE-65B9-4BC6-A2D2-E9AA9AEA6A9B}"
EndProject
Project("{FAE04EC0-301F-11D3-BF4B-00C04F79EFBC}") = "MyLearningProject.Repositry", "MyLearningProjectRepositry\MyLearningProject.Repositry.csproj", "{C4F8E18E-F4F7-4D5C-8BA7-6C0EEA37B85E}"
EndProject
Project("{FAE04EC0-301F-11D3-BF4B-00C04F79EFBC}") = "MyLearningProject.Model", "MyLearningProject.Model\MyLearningProject.Model.csproj", "{F3259108-3EF4-49D7-B70A-11EB566EF97F}"
EndProject
Global
	GlobalSection(SolutionConfigurationPlatforms) = preSolution
		Debug|Any CPU = Debug|Any CPU
		Release|Any CPU = Release|Any CPU
	EndGlobalSection
	GlobalSection(ProjectConfigurationPlatforms) = postSolution
		{7BF0140D-1ACA-4C8A-9685-570F72F6D03A}.Debug|Any CPU.ActiveCfg = Debug|Any CPU
		{7BF0140D-1ACA-4C8A-9685-570F72F6D03A}.Debug|Any CPU.Build.0 = Debug|Any CPU
		{7BF0140D-1ACA-4C8A-9685-570F72F6D03A}.Release|Any CPU.ActiveCfg = Release|Any CPU
		{7BF0140D-1ACA-4C8A-9685-570F72F6D03A}.Release|Any CPU.Build.0 = Release|Any CPU
		{26F458FE-65B9-4BC6-A2D2-E9AA9AEA6A9B}.Debug|Any CPU.ActiveCfg = Debug|Any CPU
		{26F458FE-65B9-4BC6-A2D2-E9AA9AEA6A9B}.Debug|Any CPU.Build.0 = Debug|Any CPU
		{26F458FE-65B9-4BC6-A2D2-E9AA9AEA6A9B}.Release|Any CPU.ActiveCfg = Release|Any CPU
		{26F458FE-65B9-4BC6-A2D2-E9AA9AEA6A9B}.Release|Any CPU.Build.0 = Release|Any CPU
		{C4F8E18E-F4F7-4D5C-8BA7-6C0EEA37B85E}.Debug|Any CPU.ActiveCfg = Debug|Any CPU
		{C4F8E18E-F4F7-4D5C-8BA7-6C0EEA37B85E}.Debug|Any CPU.Build.0 = Debug|Any CPU
		{C4F8E18E-F4F7-4D5C-8BA7-6C0EEA37B85E}.Release|Any CPU.ActiveCfg = Release|Any CPU
		{C4F8E18E-F4F7-4D5C-8BA7-6C0EEA37B85E}.Release|Any CPU.Build.0 = Release|Any CPU
		{F3259108-3EF4-49D7-B70A-11EB566EF97F}.Debug|Any CPU.ActiveCfg = Debug|Any CPU
		{F3259108-3EF4-49D7-B70A-11EB566EF97F}.Debug|Any CPU.Build.0 = Debug|Any CPU
		{F3259108-3EF4-49D7-B70A-11EB566EF97F}.Release|Any CPU.ActiveCfg = Release|Any CPU
		{F3259108-3EF4-49D7-B70A-11EB566EF97F}.Release|Any CPU.Build.0 = Release|Any CPU
	EndGlobalSection
	GlobalSection(SolutionProperties) = preSolution
		HideSolutionNode = FALSE
	EndGlobalSection
EndGlobal
